
Microsoft Visual Studio Solution File, Format Version 12.00
# Visual Studio Version 17
VisualStudioVersion = 17.5.002.0
MinimumVisualStudioVersion = 10.0.40219.1
Project("{9A19103F-16F7-4668-BE54-9A1E7A4F7556}") = "PlatformService", "PlatformService.csproj", "{E81A6B02-F566-4F2D-96D7-61DA47BE4EF8}"
EndProject
Global
	GlobalSection(SolutionConfigurationPlatforms) = preSolution
		Debug|Any CPU = Debug|Any CPU
		Release|Any CPU = Release|Any CPU
	EndGlobalSection
	GlobalSection(ProjectConfigurationPlatforms) = postSolution
		{E81A6B02-F566-4F2D-96D7-61DA47BE4EF8}.Debug|Any CPU.ActiveCfg = Debug|Any CPU
		{E81A6B02-F566-4F2D-96D7-61DA47BE4EF8}.Debug|Any CPU.Build.0 = Debug|Any CPU
		{E81A6B02-F566-4F2D-96D7-61DA47BE4EF8}.Release|Any CPU.ActiveCfg = Release|Any CPU
		{E81A6B02-F566-4F2D-96D7-61DA47BE4EF8}.Release|Any CPU.Build.0 = Release|Any CPU
	EndGlobalSection
	GlobalSection(SolutionProperties) = preSolution
		HideSolutionNode = FALSE
	EndGlobalSection
	GlobalSection(ExtensibilityGlobals) = postSolution
		SolutionGuid = {E200CAB3-ADF1-4B72-9987-C9080BCF180D}
	EndGlobalSection
EndGlobal
